
Microsoft Visual Studio Solution File, Format Version 12.00
# Visual Studio 2013
VisualStudioVersion = 12.0.31101.0
MinimumVisualStudioVersion = 10.0.40219.1
Project("{FAE04EC0-301F-11D3-BF4B-00C04F79EFBC}") = "JmdictFurigana", "JmdictFurigana\JmdictFurigana.csproj", "{395F6E90-FF36-4E9A-A08A-AACF3EBBE624}"
EndProject
Project("{FAE04EC0-301F-11D3-BF4B-00C04F79EFBC}") = "JmdictFurigana.Tests", "JmdictFurigana.Tests\JmdictFurigana.Tests.csproj", "{DA346E66-A8FB-45B3-B795-BBFEB9B1D997}"
EndProject
Global
	GlobalSection(SolutionConfigurationPlatforms) = preSolution
		Debug|Any CPU = Debug|Any CPU
		Release|Any CPU = Release|Any CPU
	EndGlobalSection
	GlobalSection(ProjectConfigurationPlatforms) = postSolution
		{395F6E90-FF36-4E9A-A08A-AACF3EBBE624}.Debug|Any CPU.ActiveCfg = Debug|Any CPU
		{395F6E90-FF36-4E9A-A08A-AACF3EBBE624}.Debug|Any CPU.Build.0 = Debug|Any CPU
		{395F6E90-FF36-4E9A-A08A-AACF3EBBE624}.Release|Any CPU.ActiveCfg = Release|Any CPU
		{395F6E90-FF36-4E9A-A08A-AACF3EBBE624}.Release|Any CPU.Build.0 = Release|Any CPU
		{DA346E66-A8FB-45B3-B795-BBFEB9B1D997}.Debug|Any CPU.ActiveCfg = Debug|Any CPU
		{DA346E66-A8FB-45B3-B795-BBFEB9B1D997}.Debug|Any CPU.Build.0 = Debug|Any CPU
		{DA346E66-A8FB-45B3-B795-BBFEB9B1D997}.Release|Any CPU.ActiveCfg = Release|Any CPU
		{DA346E66-A8FB-45B3-B795-BBFEB9B1D997}.Release|Any CPU.Build.0 = Release|Any CPU
	EndGlobalSection
	GlobalSection(SolutionProperties) = preSolution
		HideSolutionNode = FALSE
	EndGlobalSection
EndGlobal
